
Microsoft Visual Studio Solution File, Format Version 12.00
# Visual Studio 15
VisualStudioVersion = 15.0.27130.2027
MinimumVisualStudioVersion = 10.0.40219.1
Project("{FAE04EC0-301F-11D3-BF4B-00C04F79EFBC}") = "MoneyTaker", "MoneyTaker\MoneyTaker.csproj", "{2BB8B415-F7A1-4968-B70B-DE27E079E650}"
EndProject
Global
	GlobalSection(SolutionConfigurationPlatforms) = preSolution
		Debug|Any CPU = Debug|Any CPU
		Release|Any CPU = Release|Any CPU
	EndGlobalSection
	GlobalSection(ProjectConfigurationPlatforms) = postSolution
		{2BB8B415-F7A1-4968-B70B-DE27E079E650}.Debug|Any CPU.ActiveCfg = Debug|Any CPU
		{2BB8B415-F7A1-4968-B70B-DE27E079E650}.Debug|Any CPU.Build.0 = Debug|Any CPU
		{2BB8B415-F7A1-4968-B70B-DE27E079E650}.Release|Any CPU.ActiveCfg = Release|Any CPU
		{2BB8B415-F7A1-4968-B70B-DE27E079E650}.Release|Any CPU.Build.0 = Release|Any CPU
	EndGlobalSection
	GlobalSection(SolutionProperties) = preSolution
		HideSolutionNode = FALSE
	EndGlobalSection
	GlobalSection(ExtensibilityGlobals) = postSolution
		SolutionGuid = {3F1BB924-3185-4713-A0A5-D43410902C54}
	EndGlobalSection
EndGlobal
